// !$*UTF8*$!
{
	archiveVersion = 1;
	classes = {
	};
	objectVersion = 46;
	objects = {

/* Begin PBXBuildFile section */
		3549556D1F3B0CA900BBF167 /* AppDelegate.swift in Sources */ = {isa = PBXBuildFile; fileRef = 3549556C1F3B0CA900BBF167 /* AppDelegate.swift */; };
		3549556F1F3B0CA900BBF167 /* ViewController.swift in Sources */ = {isa = PBXBuildFile; fileRef = 3549556E1F3B0CA900BBF167 /* ViewController.swift */; };
		354955721F3B0CA900BBF167 /* Main.storyboard in Resources */ = {isa = PBXBuildFile; fileRef = 354955701F3B0CA900BBF167 /* Main.storyboard */; };
		354955741F3B0CA900BBF167 /* Assets.xcassets in Resources */ = {isa = PBXBuildFile; fileRef = 354955731F3B0CA900BBF167 /* Assets.xcassets */; };
		354955771F3B0CA900BBF167 /* LaunchScreen.storyboard in Resources */ = {isa = PBXBuildFile; fileRef = 354955751F3B0CA900BBF167 /* LaunchScreen.storyboard */; };
/* End PBXBuildFile section */

/* Begin PBXFileReference section */
		354955691F3B0CA900BBF167 /* Devslopes Social.app */ = {isa = PBXFileReference; explicitFileType = wrapper.application; includeInIndex = 0; path = "Devslopes Social.app"; sourceTree = BUILT_PRODUCTS_DIR; };
		3549556C1F3B0CA900BBF167 /* AppDelegate.swift */ = {isa = PBXFileReference; lastKnownFileType = sourcecode.swift; path = AppDelegate.swift; sourceTree = "<group>"; };
		3549556E1F3B0CA900BBF167 /* ViewController.swift */ = {isa = PBXFileReference; lastKnownFileType = sourcecode.swift; path = ViewController.swift; sourceTree = "<group>"; };
		354955711F3B0CA900BBF167 /* Base */ = {isa = PBXFileReference; lastKnownFileType = file.storyboard; name = Base; path = Base.lproj/Main.storyboard; sourceTree = "<group>"; };
		354955731F3B0CA900BBF167 /* Assets.xcassets */ = {isa = PBXFileReference; lastKnownFileType = folder.assetcatalog; path = Assets.xcassets; sourceTree = "<group>"; };
		354955761F3B0CA900BBF167 /* Base */ = {isa = PBXFileReference; lastKnownFileType = file.storyboard; name = Base; path = Base.lproj/LaunchScreen.storyboard; sourceTree = "<group>"; };
		354955781F3B0CA900BBF167 /* Info.plist */ = {isa = PBXFileReference; lastKnownFileType = text.plist.xml; path = Info.plist; sourceTree = "<group>"; };
/* End PBXFileReference section */

/* Begin PBXFrameworksBuildPhase section */
		354955661F3B0CA900BBF167 /* Frameworks */ = {
			isa = PBXFrameworksBuildPhase;
			buildActionMask = 2147483647;
			files = (
			);
			runOnlyForDeploymentPostprocessing = 0;
		};
/* End PBXFrameworksBuildPhase section */

/* Begin PBXGroup section */
		354955601F3B0CA900BBF167 = {
			isa = PBXGroup;
			children = (
				3549556B1F3B0CA900BBF167 /* Devslopes Social */,
				3549556A1F3B0CA900BBF167 /* Products */,
			);
			sourceTree = "<group>";
		};
		3549556A1F3B0CA900BBF167 /* Products */ = {
			isa = PBXGroup;
			children = (
				354955691F3B0CA900BBF167 /* Devslopes Social.app */,
			);
			name = Products;
			sourceTree = "<group>";
		};
		3549556B1F3B0CA900BBF167 /* Devslopes Social */ = {
			isa = PBXGroup;
			children = (
				3549556C1F3B0CA900BBF167 /* AppDelegate.swift */,
				3549556E1F3B0CA900BBF167 /* ViewController.swift */,
				354955701F3B0CA900BBF167 /* Main.storyboard */,
				354955731F3B0CA900BBF167 /* Assets.xcassets */,
				354955751F3B0CA900BBF167 /* LaunchScreen.storyboard */,
				354955781F3B0CA900BBF167 /* Info.plist */,
			);
			path = "Devslopes Social";
			sourceTree = "<group>";
		};
/* End PBXGroup section */

/* Begin PBXNativeTarget section */
		354955681F3B0CA900BBF167 /* Devslopes Social */ = {
			isa = PBXNativeTarget;
			buildConfigurationList = 3549557B1F3B0CA900BBF167 /* Build configuration list for PBXNativeTarget "Devslopes Social" */;
			buildPhases = (
				354955651F3B0CA900BBF167 /* Sources */,
				354955661F3B0CA900BBF167 /* Frameworks */,
				354955671F3B0CA900BBF167 /* Resources */,
			);
			buildRules = (
			);
			dependencies = (
			);
			name = "Devslopes Social";
			productName = "Devslopes Social";
			productReference = 354955691F3B0CA900BBF167 /* Devslopes Social.app */;
			productType = "com.apple.product-type.application";
		};
/* End PBXNativeTarget section */

/* Begin PBXProject section */
		354955611F3B0CA900BBF167 /* Project object */ = {
			isa = PBXProject;
			attributes = {
				LastSwiftUpdateCheck = 0830;
				LastUpgradeCheck = 0830;
				ORGANIZATIONNAME = "Scott Radford";
				TargetAttributes = {
					354955681F3B0CA900BBF167 = {
						CreatedOnToolsVersion = 8.3.3;
						DevelopmentTeam = 8XGY58T7FG;
						ProvisioningStyle = Automatic;
					};
				};
			};
			buildConfigurationList = 354955641F3B0CA900BBF167 /* Build configuration list for PBXProject "Devslopes Social" */;
			compatibilityVersion = "Xcode 3.2";
			developmentRegion = English;
			hasScannedForEncodings = 0;
			knownRegions = (
				en,
				Base,
			);
			mainGroup = 354955601F3B0CA900BBF167;
			productRefGroup = 3549556A1F3B0CA900BBF167 /* Products */;
			projectDirPath = "";
			projectRoot = "";
			targets = (
				354955681F3B0CA900BBF167 /* Devslopes Social */,
			);
		};
/* End PBXProject section */

/* Begin PBXResourcesBuildPhase section */
		354955671F3B0CA900BBF167 /* Resources */ = {
			isa = PBXResourcesBuildPhase;
			buildActionMask = 2147483647;
			files = (
				354955771F3B0CA900BBF167 /* LaunchScreen.storyboard in Resources */,
				354955741F3B0CA900BBF167 /* Assets.xcassets in Resources */,
				354955721F3B0CA900BBF167 /* Main.storyboard in Resources */,
			);
			runOnlyForDeploymentPostprocessing = 0;
		};
/* End PBXResourcesBuildPhase section */

/* Begin PBXSourcesBuildPhase section */
		354955651F3B0CA900BBF167 /* Sources */ = {
			isa = PBXSourcesBuildPhase;
			buildActionMask = 2147483647;
			files = (
				3549556F1F3B0CA900BBF167 /* ViewController.swift in Sources */,
				3549556D1F3B0CA900BBF167 /* AppDelegate.swift in Sources */,
			);
			runOnlyForDeploymentPostprocessing = 0;
		};
/* End PBXSourcesBuildPhase section */

/* Begin PBXVariantGroup section */
		354955701F3B0CA900BBF167 /* Main.storyboard */ = {
			isa = PBXVariantGroup;
			children = (
				354955711F3B0CA900BBF167 /* Base */,
			);
			name = Main.storyboard;
			sourceTree = "<group>";
		};
		354955751F3B0CA900BBF167 /* LaunchScreen.storyboard */ = {
			isa = PBXVariantGroup;
			children = (
				354955761F3B0CA900BBF167 /* Base */,
			);
			name = LaunchScreen.storyboard;
			sourceTree = "<group>";
		};
/* End PBXVariantGroup section */

/* Begin XCBuildConfiguration section */
		354955791F3B0CA900BBF167 /* Debug */ = {
			isa = XCBuildConfiguration;
			buildSettings = {
				ALWAYS_SEARCH_USER_PATHS = NO;
				CLANG_ANALYZER_NONNULL = YES;
				CLANG_ANALYZER_NUMBER_OBJECT_CONVERSION = YES_AGGRESSIVE;
				CLANG_CXX_LANGUAGE_STANDARD = "gnu++0x";
				CLANG_CXX_LIBRARY = "libc++";
				CLANG_ENABLE_MODULES = YES;
				CLANG_ENABLE_OBJC_ARC = YES;
				CLANG_WARN_BOOL_CONVERSION = YES;
				CLANG_WARN_CONSTANT_CONVERSION = YES;
				CLANG_WARN_DIRECT_OBJC_ISA_USAGE = YES_ERROR;
				CLANG_WARN_DOCUMENTATION_COMMENTS = YES;
				CLANG_WARN_EMPTY_BODY = YES;
				CLANG_WARN_ENUM_CONVERSION = YES;
				CLANG_WARN_INFINITE_RECURSION = YES;
				CLANG_WARN_INT_CONVERSION = YES;
				CLANG_WARN_OBJC_ROOT_CLASS = YES_ERROR;
				CLANG_WARN_SUSPICIOUS_MOVE = YES;
				CLANG_WARN_UNREACHABLE_CODE = YES;
				CLANG_WARN__DUPLICATE_METHOD_MATCH = YES;
				"CODE_SIGN_IDENTITY[sdk=iphoneos*]" = "iPhone Developer";
				COPY_PHASE_STRIP = NO;
				DEBUG_INFORMATION_FORMAT = dwarf;
				ENABLE_STRICT_OBJC_MSGSEND = YES;
				ENABLE_TESTABILITY = YES;
				GCC_C_LANGUAGE_STANDARD = gnu99;
				GCC_DYNAMIC_NO_PIC = NO;
				GCC_NO_COMMON_BLOCKS = YES;
				GCC_OPTIMIZATION_LEVEL = 0;
				GCC_PREPROCESSOR_DEFINITIONS = (
					"DEBUG=1",
					"$(inherited)",
				);
				GCC_WARN_64_TO_32_BIT_CONVERSION = YES;
				GCC_WARN_ABOUT_RETURN_TYPE = YES_ERROR;
				GCC_WARN_UNDECLARED_SELECTOR = YES;
				GCC_WARN_UNINITIALIZED_AUTOS = YES_AGGRESSIVE;
				GCC_WARN_UNUSED_FUNCTION = YES;
				GCC_WARN_UNUSED_VARIABLE = YES;
				IPHONEOS_DEPLOYMENT_TARGET = 10.3;
				MTL_ENABLE_DEBUG_INFO = YES;
				ONLY_ACTIVE_ARCH = YES;
				SDKROOT = iphoneos;
				SWIFT_ACTIVE_COMPILATION_CONDITIONS = DEBUG;
				SWIFT_OPTIMIZATION_LEVEL = "-Onone";
				TARGETED_DEVICE_FAMILY = "1,2";
			};
			name = Debug;
		};
		3549557A1F3B0CA900BBF167 /* Release */ = {
			isa = XCBuildConfiguration;
			buildSettings = {
				ALWAYS_SEARCH_USER_PATHS = NO;
				CLANG_ANALYZER_NONNULL = YES;
				CLANG_ANALYZER_NUMBER_OBJECT_CONVERSION = YES_AGGRESSIVE;
				CLANG_CXX_LANGUAGE_STANDARD = "gnu++0x";
				CLANG_CXX_LIBRARY = "libc++";
				CLANG_ENABLE_MODULES = YES;
				CLANG_ENABLE_OBJC_ARC = YES;
				CLANG_WARN_BOOL_CONVERSION = YES;
				CLANG_WARN_CONSTANT_CONVERSION = YES;
				CLANG_WARN_DIRECT_OBJC_ISA_USAGE = YES_ERROR;
				CLANG_WARN_DOCUMENTATION_COMMENTS = YES;
				CLANG_WARN_EMPTY_BODY = YES;
				CLANG_WARN_ENUM_CONVERSION = YES;
				CLANG_WARN_INFINITE_RECURSION = YES;
				CLANG_WARN_INT_CONVERSION = YES;
				CLANG_WARN_OBJC_ROOT_CLASS = YES_ERROR;
				CLANG_WARN_SUSPICIOUS_MOVE = YES;
				CLANG_WARN_UNREACHABLE_CODE = YES;
				CLANG_WARN__DUPLICATE_METHOD_MATCH = YES;
				"CODE_SIGN_IDENTITY[sdk=iphoneos*]" = "iPhone Developer";
				COPY_PHASE_STRIP = NO;
				DEBUG_INFORMATION_FORMAT = "dwarf-with-dsym";
				ENABLE_NS_ASSERTIONS = NO;
				ENABLE_STRICT_OBJC_MSGSEND = YES;
				GCC_C_LANGUAGE_STANDARD = gnu99;
				GCC_NO_COMMON_BLOCKS = YES;
				GCC_WARN_64_TO_32_BIT_CONVERSION = YES;
				GCC_WARN_ABOUT_RETURN_TYPE = YES_ERROR;
				GCC_WARN_UNDECLARED_SELECTOR = YES;
				GCC_WARN_UNINITIALIZED_AUTOS = YES_AGGRESSIVE;
				GCC_WARN_UNUSED_FUNCTION = YES;
				GCC_WARN_UNUSED_VARIABLE = YES;
				IPHONEOS_DEPLOYMENT_TARGET = 10.3;
				MTL_ENABLE_DEBUG_INFO = NO;
				SDKROOT = iphoneos;
				SWIFT_OPTIMIZATION_LEVEL = "-Owholemodule";
				TARGETED_DEVICE_FAMILY = "1,2";
				VALIDATE_PRODUCT = YES;
			};
			name = Release;
		};
		3549557C1F3B0CA900BBF167 /* Debug */ = {
			isa = XCBuildConfiguration;
			buildSettings = {
				ASSETCATALOG_COMPILER_APPICON_NAME = AppIcon;
				DEVELOPMENT_TEAM = 8XGY58T7FG;
				INFOPLIST_FILE = "Devslopes Social/Info.plist";
				LD_RUNPATH_SEARCH_PATHS = "$(inherited) @executable_path/Frameworks";
				PRODUCT_BUNDLE_IDENTIFIER = "com.scottradford.Devslopes-Social";
				PRODUCT_NAME = "$(TARGET_NAME)";
				SWIFT_VERSION = 3.0;
			};
			name = Debug;
		};
		3549557D1F3B0CA900BBF167 /* Release */ = {
			isa = XCBuildConfiguration;
			buildSettings = {
				ASSETCATALOG_COMPILER_APPICON_NAME = AppIcon;
				DEVELOPMENT_TEAM = 8XGY58T7FG;
				INFOPLIST_FILE = "Devslopes Social/Info.plist";
				LD_RUNPATH_SEARCH_PATHS = "$(inherited) @executable_path/Frameworks";
				PRODUCT_BUNDLE_IDENTIFIER = "com.scottradford.Devslopes-Social";
				PRODUCT_NAME = "$(TARGET_NAME)";
				SWIFT_VERSION = 3.0;
			};
			name = Release;
		};
/* End XCBuildConfiguration section */

/* Begin XCConfigurationList section */
		354955641F3B0CA900BBF167 /* Build configuration list for PBXProject "Devslopes Social" */ = {
			isa = XCConfigurationList;
			buildConfigurations = (
				354955791F3B0CA900BBF167 /* Debug */,
				3549557A1F3B0CA900BBF167 /* Release */,
			);
			defaultConfigurationIsVisible = 0;
			defaultConfigurationName = Release;
		};
		3549557B1F3B0CA900BBF167 /* Build configuration list for PBXNativeTarget "Devslopes Social" */ = {
			isa = XCConfigurationList;
			buildConfigurations = (
				3549557C1F3B0CA900BBF167 /* Debug */,
				3549557D1F3B0CA900BBF167 /* Release */,
			);
			defaultConfigurationIsVisible = 0;
		};
/* End XCConfigurationList section */
	};
	rootObject = 354955611F3B0CA900BBF167 /* Project object */;
}
